// !$*UTF8*$!
{
	archiveVersion = 1;
	classes = {
	};
	objectVersion = 56;
	objects = {

/* Begin PBXBuildFile section */
		044D55F32C2FF4B5002F7F0A /* TouchdownApp.swift in Sources */ = {isa = PBXBuildFile; fileRef = 044D55F22C2FF4B5002F7F0A /* TouchdownApp.swift */; };
		044D55F52C2FF4B5002F7F0A /* ContentView.swift in Sources */ = {isa = PBXBuildFile; fileRef = 044D55F42C2FF4B5002F7F0A /* ContentView.swift */; };
		044D55F72C2FF4B6002F7F0A /* Assets.xcassets in Resources */ = {isa = PBXBuildFile; fileRef = 044D55F62C2FF4B6002F7F0A /* Assets.xcassets */; };
		044D55FA2C2FF4B6002F7F0A /* Preview Assets.xcassets in Resources */ = {isa = PBXBuildFile; fileRef = 044D55F92C2FF4B6002F7F0A /* Preview Assets.xcassets */; };
		044D56052C2FF574002F7F0A /* brand.json in Resources */ = {isa = PBXBuildFile; fileRef = 044D56002C2FF574002F7F0A /* brand.json */; };
		044D56062C2FF574002F7F0A /* category.json in Resources */ = {isa = PBXBuildFile; fileRef = 044D56012C2FF574002F7F0A /* category.json */; };
		044D56072C2FF574002F7F0A /* player.json in Resources */ = {isa = PBXBuildFile; fileRef = 044D56022C2FF574002F7F0A /* player.json */; };
		044D56082C2FF574002F7F0A /* product.json in Resources */ = {isa = PBXBuildFile; fileRef = 044D56032C2FF574002F7F0A /* product.json */; };
		044D56132C2FF718002F7F0A /* Constant.swift in Sources */ = {isa = PBXBuildFile; fileRef = 044D56122C2FF718002F7F0A /* Constant.swift */; };
		044D56152C2FF8BA002F7F0A /* FooterView.swift in Sources */ = {isa = PBXBuildFile; fileRef = 044D56142C2FF8BA002F7F0A /* FooterView.swift */; };
		044D56172C302DF5002F7F0A /* NavigationBarView.swift in Sources */ = {isa = PBXBuildFile; fileRef = 044D56162C302DF5002F7F0A /* NavigationBarView.swift */; };
		044D56192C302FA6002F7F0A /* LogoView.swift in Sources */ = {isa = PBXBuildFile; fileRef = 044D56182C302FA6002F7F0A /* LogoView.swift */; };
		044D561B2C303530002F7F0A /* PlayerModel.swift in Sources */ = {isa = PBXBuildFile; fileRef = 044D561A2C303530002F7F0A /* PlayerModel.swift */; };
		044D561D2C303713002F7F0A /* Bundle+Extension.swift in Sources */ = {isa = PBXBuildFile; fileRef = 044D561C2C303713002F7F0A /* Bundle+Extension.swift */; };
		044D561F2C3037FC002F7F0A /* FeaturedItemView.swift in Sources */ = {isa = PBXBuildFile; fileRef = 044D561E2C3037FC002F7F0A /* FeaturedItemView.swift */; };
		044D56212C303929002F7F0A /* FeaturedTabView.swift in Sources */ = {isa = PBXBuildFile; fileRef = 044D56202C303929002F7F0A /* FeaturedTabView.swift */; };
		044D56232C303AB3002F7F0A /* UIScreen+Extension.swift in Sources */ = {isa = PBXBuildFile; fileRef = 044D56222C303AB3002F7F0A /* UIScreen+Extension.swift */; };
		044D56252C303ABF002F7F0A /* UIWindow+Extension.swift in Sources */ = {isa = PBXBuildFile; fileRef = 044D56242C303ABF002F7F0A /* UIWindow+Extension.swift */; };
		044D56272C303D20002F7F0A /* CategoryModel.swift in Sources */ = {isa = PBXBuildFile; fileRef = 044D56262C303D20002F7F0A /* CategoryModel.swift */; };
		044D56292C308664002F7F0A /* CategoryItemView.swift in Sources */ = {isa = PBXBuildFile; fileRef = 044D56282C308664002F7F0A /* CategoryItemView.swift */; };
		04653DBC2C314FC80026F7AE /* CategoryGridView.swift in Sources */ = {isa = PBXBuildFile; fileRef = 04653DBB2C314FC80026F7AE /* CategoryGridView.swift */; };
		04653DBE2C3152020026F7AE /* SectionView.swift in Sources */ = {isa = PBXBuildFile; fileRef = 04653DBD2C3152020026F7AE /* SectionView.swift */; };
/* End PBXBuildFile section */

/* Begin PBXFileReference section */
		044D55EF2C2FF4B5002F7F0A /* Touchdown.app */ = {isa = PBXFileReference; explicitFileType = wrapper.application; includeInIndex = 0; path = Touchdown.app; sourceTree = BUILT_PRODUCTS_DIR; };
		044D55F22C2FF4B5002F7F0A /* TouchdownApp.swift */ = {isa = PBXFileReference; lastKnownFileType = sourcecode.swift; path = TouchdownApp.swift; sourceTree = "<group>"; };
		044D55F42C2FF4B5002F7F0A /* ContentView.swift */ = {isa = PBXFileReference; lastKnownFileType = sourcecode.swift; path = ContentView.swift; sourceTree = "<group>"; };
		044D55F62C2FF4B6002F7F0A /* Assets.xcassets */ = {isa = PBXFileReference; lastKnownFileType = folder.assetcatalog; path = Assets.xcassets; sourceTree = "<group>"; };
		044D55F92C2FF4B6002F7F0A /* Preview Assets.xcassets */ = {isa = PBXFileReference; lastKnownFileType = folder.assetcatalog; path = "Preview Assets.xcassets"; sourceTree = "<group>"; };
		044D56002C2FF574002F7F0A /* brand.json */ = {isa = PBXFileReference; fileEncoding = 4; lastKnownFileType = text.json; path = brand.json; sourceTree = "<group>"; };
		044D56012C2FF574002F7F0A /* category.json */ = {isa = PBXFileReference; fileEncoding = 4; lastKnownFileType = text.json; path = category.json; sourceTree = "<group>"; };
		044D56022C2FF574002F7F0A /* player.json */ = {isa = PBXFileReference; fileEncoding = 4; lastKnownFileType = text.json; path = player.json; sourceTree = "<group>"; };
		044D56032C2FF574002F7F0A /* product.json */ = {isa = PBXFileReference; fileEncoding = 4; lastKnownFileType = text.json; path = product.json; sourceTree = "<group>"; };
		044D560D2C2FF611002F7F0A /* Info.plist */ = {isa = PBXFileReference; lastKnownFileType = text.plist; path = Info.plist; sourceTree = "<group>"; };
		044D56122C2FF718002F7F0A /* Constant.swift */ = {isa = PBXFileReference; lastKnownFileType = sourcecode.swift; path = Constant.swift; sourceTree = "<group>"; };
		044D56142C2FF8BA002F7F0A /* FooterView.swift */ = {isa = PBXFileReference; lastKnownFileType = sourcecode.swift; path = FooterView.swift; sourceTree = "<group>"; };
		044D56162C302DF5002F7F0A /* NavigationBarView.swift */ = {isa = PBXFileReference; lastKnownFileType = sourcecode.swift; path = NavigationBarView.swift; sourceTree = "<group>"; };
		044D56182C302FA6002F7F0A /* LogoView.swift */ = {isa = PBXFileReference; lastKnownFileType = sourcecode.swift; path = LogoView.swift; sourceTree = "<group>"; };
		044D561A2C303530002F7F0A /* PlayerModel.swift */ = {isa = PBXFileReference; lastKnownFileType = sourcecode.swift; path = PlayerModel.swift; sourceTree = "<group>"; };
		044D561C2C303713002F7F0A /* Bundle+Extension.swift */ = {isa = PBXFileReference; lastKnownFileType = sourcecode.swift; path = "Bundle+Extension.swift"; sourceTree = "<group>"; };
		044D561E2C3037FC002F7F0A /* FeaturedItemView.swift */ = {isa = PBXFileReference; lastKnownFileType = sourcecode.swift; path = FeaturedItemView.swift; sourceTree = "<group>"; };
		044D56202C303929002F7F0A /* FeaturedTabView.swift */ = {isa = PBXFileReference; lastKnownFileType = sourcecode.swift; path = FeaturedTabView.swift; sourceTree = "<group>"; };
		044D56222C303AB3002F7F0A /* UIScreen+Extension.swift */ = {isa = PBXFileReference; lastKnownFileType = sourcecode.swift; path = "UIScreen+Extension.swift"; sourceTree = "<group>"; };
		044D56242C303ABF002F7F0A /* UIWindow+Extension.swift */ = {isa = PBXFileReference; lastKnownFileType = sourcecode.swift; path = "UIWindow+Extension.swift"; sourceTree = "<group>"; };
		044D56262C303D20002F7F0A /* CategoryModel.swift */ = {isa = PBXFileReference; lastKnownFileType = sourcecode.swift; path = CategoryModel.swift; sourceTree = "<group>"; };
		044D56282C308664002F7F0A /* CategoryItemView.swift */ = {isa = PBXFileReference; lastKnownFileType = sourcecode.swift; path = CategoryItemView.swift; sourceTree = "<group>"; };
		04653DBB2C314FC80026F7AE /* CategoryGridView.swift */ = {isa = PBXFileReference; lastKnownFileType = sourcecode.swift; path = CategoryGridView.swift; sourceTree = "<group>"; };
		04653DBD2C3152020026F7AE /* SectionView.swift */ = {isa = PBXFileReference; lastKnownFileType = sourcecode.swift; path = SectionView.swift; sourceTree = "<group>"; };
/* End PBXFileReference section */

/* Begin PBXFrameworksBuildPhase section */
		044D55EC2C2FF4B5002F7F0A /* Frameworks */ = {
			isa = PBXFrameworksBuildPhase;
			buildActionMask = 2147483647;
			files = (
			);
			runOnlyForDeploymentPostprocessing = 0;
		};
/* End PBXFrameworksBuildPhase section */

/* Begin PBXGroup section */
		044D55E62C2FF4B5002F7F0A = {
			isa = PBXGroup;
			children = (
				044D55F12C2FF4B5002F7F0A /* Touchdown */,
				044D55F02C2FF4B5002F7F0A /* Products */,
			);
			sourceTree = "<group>";
		};
		044D55F02C2FF4B5002F7F0A /* Products */ = {
			isa = PBXGroup;
			children = (
				044D55EF2C2FF4B5002F7F0A /* Touchdown.app */,
			);
			name = Products;
			sourceTree = "<group>";
		};
		044D55F12C2FF4B5002F7F0A /* Touchdown */ = {
			isa = PBXGroup;
			children = (
				044D560D2C2FF611002F7F0A /* Info.plist */,
				044D56092C2FF583002F7F0A /* Main */,
				044D560A2C2FF58E002F7F0A /* Screen */,
				044D560B2C2FF59E002F7F0A /* View */,
				044D56042C2FF574002F7F0A /* Data */,
				044D560C2C2FF5A5002F7F0A /* Model */,
				044D56102C2FF6B5002F7F0A /* Extension */,
				044D56112C2FF6BB002F7F0A /* Utility */,
				044D55F62C2FF4B6002F7F0A /* Assets.xcassets */,
				044D55F82C2FF4B6002F7F0A /* Preview Content */,
			);
			path = Touchdown;
			sourceTree = "<group>";
		};
		044D55F82C2FF4B6002F7F0A /* Preview Content */ = {
			isa = PBXGroup;
			children = (
				044D55F92C2FF4B6002F7F0A /* Preview Assets.xcassets */,
			);
			path = "Preview Content";
			sourceTree = "<group>";
		};
		044D56042C2FF574002F7F0A /* Data */ = {
			isa = PBXGroup;
			children = (
				044D56002C2FF574002F7F0A /* brand.json */,
				044D56012C2FF574002F7F0A /* category.json */,
				044D56022C2FF574002F7F0A /* player.json */,
				044D56032C2FF574002F7F0A /* product.json */,
			);
			path = Data;
			sourceTree = "<group>";
		};
		044D56092C2FF583002F7F0A /* Main */ = {
			isa = PBXGroup;
			children = (
				044D55F22C2FF4B5002F7F0A /* TouchdownApp.swift */,
			);
			path = Main;
			sourceTree = "<group>";
		};
		044D560A2C2FF58E002F7F0A /* Screen */ = {
			isa = PBXGroup;
			children = (
				044D55F42C2FF4B5002F7F0A /* ContentView.swift */,
			);
			path = Screen;
			sourceTree = "<group>";
		};
		044D560B2C2FF59E002F7F0A /* View */ = {
			isa = PBXGroup;
			children = (
				044D560E2C2FF69E002F7F0A /* Home */,
				044D560F2C2FF6A6002F7F0A /* Detail */,
			);
			path = View;
			sourceTree = "<group>";
		};
		044D560C2C2FF5A5002F7F0A /* Model */ = {
			isa = PBXGroup;
			children = (
				044D561A2C303530002F7F0A /* PlayerModel.swift */,
				044D56262C303D20002F7F0A /* CategoryModel.swift */,
			);
			path = Model;
			sourceTree = "<group>";
		};
		044D560E2C2FF69E002F7F0A /* Home */ = {
			isa = PBXGroup;
			children = (
				044D56142C2FF8BA002F7F0A /* FooterView.swift */,
				044D56162C302DF5002F7F0A /* NavigationBarView.swift */,
				044D56182C302FA6002F7F0A /* LogoView.swift */,
				044D561E2C3037FC002F7F0A /* FeaturedItemView.swift */,
				044D56202C303929002F7F0A /* FeaturedTabView.swift */,
				044D56282C308664002F7F0A /* CategoryItemView.swift */,
				04653DBB2C314FC80026F7AE /* CategoryGridView.swift */,
				04653DBD2C3152020026F7AE /* SectionView.swift */,
			);
			path = Home;
			sourceTree = "<group>";
		};
		044D560F2C2FF6A6002F7F0A /* Detail */ = {
			isa = PBXGroup;
			children = (
			);
			path = Detail;
			sourceTree = "<group>";
		};
		044D56102C2FF6B5002F7F0A /* Extension */ = {
			isa = PBXGroup;
			children = (
				044D561C2C303713002F7F0A /* Bundle+Extension.swift */,
				044D56222C303AB3002F7F0A /* UIScreen+Extension.swift */,
				044D56242C303ABF002F7F0A /* UIWindow+Extension.swift */,
			);
			path = Extension;
			sourceTree = "<group>";
		};
		044D56112C2FF6BB002F7F0A /* Utility */ = {
			isa = PBXGroup;
			children = (
				044D56122C2FF718002F7F0A /* Constant.swift */,
			);
			path = Utility;
			sourceTree = "<group>";
		};
/* End PBXGroup section */

/* Begin PBXNativeTarget section */
		044D55EE2C2FF4B5002F7F0A /* Touchdown */ = {
			isa = PBXNativeTarget;
			buildConfigurationList = 044D55FD2C2FF4B6002F7F0A /* Build configuration list for PBXNativeTarget "Touchdown" */;
			buildPhases = (
				044D55EB2C2FF4B5002F7F0A /* Sources */,
				044D55EC2C2FF4B5002F7F0A /* Frameworks */,
				044D55ED2C2FF4B5002F7F0A /* Resources */,
			);
			buildRules = (
			);
			dependencies = (
			);
			name = Touchdown;
			productName = Touchdown;
			productReference = 044D55EF2C2FF4B5002F7F0A /* Touchdown.app */;
			productType = "com.apple.product-type.application";
		};
/* End PBXNativeTarget section */

/* Begin PBXProject section */
		044D55E72C2FF4B5002F7F0A /* Project object */ = {
			isa = PBXProject;
			attributes = {
				BuildIndependentTargetsInParallel = 1;
				LastSwiftUpdateCheck = 1540;
				LastUpgradeCheck = 1540;
				TargetAttributes = {
					044D55EE2C2FF4B5002F7F0A = {
						CreatedOnToolsVersion = 15.4;
					};
				};
			};
			buildConfigurationList = 044D55EA2C2FF4B5002F7F0A /* Build configuration list for PBXProject "Touchdown" */;
			compatibilityVersion = "Xcode 14.0";
			developmentRegion = en;
			hasScannedForEncodings = 0;
			knownRegions = (
				en,
				Base,
			);
			mainGroup = 044D55E62C2FF4B5002F7F0A;
			productRefGroup = 044D55F02C2FF4B5002F7F0A /* Products */;
			projectDirPath = "";
			projectRoot = "";
			targets = (
				044D55EE2C2FF4B5002F7F0A /* Touchdown */,
			);
		};
/* End PBXProject section */

/* Begin PBXResourcesBuildPhase section */
		044D55ED2C2FF4B5002F7F0A /* Resources */ = {
			isa = PBXResourcesBuildPhase;
			buildActionMask = 2147483647;
			files = (
				044D56072C2FF574002F7F0A /* player.json in Resources */,
				044D55FA2C2FF4B6002F7F0A /* Preview Assets.xcassets in Resources */,
				044D55F72C2FF4B6002F7F0A /* Assets.xcassets in Resources */,
				044D56052C2FF574002F7F0A /* brand.json in Resources */,
				044D56062C2FF574002F7F0A /* category.json in Resources */,
				044D56082C2FF574002F7F0A /* product.json in Resources */,
			);
			runOnlyForDeploymentPostprocessing = 0;
		};
/* End PBXResourcesBuildPhase section */

/* Begin PBXSourcesBuildPhase section */
		044D55EB2C2FF4B5002F7F0A /* Sources */ = {
			isa = PBXSourcesBuildPhase;
			buildActionMask = 2147483647;
			files = (
				044D56272C303D20002F7F0A /* CategoryModel.swift in Sources */,
				044D55F52C2FF4B5002F7F0A /* ContentView.swift in Sources */,
				044D56192C302FA6002F7F0A /* LogoView.swift in Sources */,
				04653DBC2C314FC80026F7AE /* CategoryGridView.swift in Sources */,
				044D56292C308664002F7F0A /* CategoryItemView.swift in Sources */,
				044D56152C2FF8BA002F7F0A /* FooterView.swift in Sources */,
				044D56232C303AB3002F7F0A /* UIScreen+Extension.swift in Sources */,
				044D561D2C303713002F7F0A /* Bundle+Extension.swift in Sources */,
				044D56252C303ABF002F7F0A /* UIWindow+Extension.swift in Sources */,
				044D561F2C3037FC002F7F0A /* FeaturedItemView.swift in Sources */,
				044D55F32C2FF4B5002F7F0A /* TouchdownApp.swift in Sources */,
				044D56132C2FF718002F7F0A /* Constant.swift in Sources */,
				04653DBE2C3152020026F7AE /* SectionView.swift in Sources */,
				044D56172C302DF5002F7F0A /* NavigationBarView.swift in Sources */,
				044D56212C303929002F7F0A /* FeaturedTabView.swift in Sources */,
				044D561B2C303530002F7F0A /* PlayerModel.swift in Sources */,
			);
			runOnlyForDeploymentPostprocessing = 0;
		};
/* End PBXSourcesBuildPhase section */

/* Begin XCBuildConfiguration section */
		044D55FB2C2FF4B6002F7F0A /* Debug */ = {
			isa = XCBuildConfiguration;
			buildSettings = {
				ALWAYS_SEARCH_USER_PATHS = NO;
				ASSETCATALOG_COMPILER_GENERATE_SWIFT_ASSET_SYMBOL_EXTENSIONS = YES;
				CLANG_ANALYZER_NONNULL = YES;
				CLANG_ANALYZER_NUMBER_OBJECT_CONVERSION = YES_AGGRESSIVE;
				CLANG_CXX_LANGUAGE_STANDARD = "gnu++20";
				CLANG_ENABLE_MODULES = YES;
				CLANG_ENABLE_OBJC_ARC = YES;
				CLANG_ENABLE_OBJC_WEAK = YES;
				CLANG_WARN_BLOCK_CAPTURE_AUTORELEASING = YES;
				CLANG_WARN_BOOL_CONVERSION = YES;
				CLANG_WARN_COMMA = YES;
				CLANG_WARN_CONSTANT_CONVERSION = YES;
				CLANG_WARN_DEPRECATED_OBJC_IMPLEMENTATIONS = YES;
				CLANG_WARN_DIRECT_OBJC_ISA_USAGE = YES_ERROR;
				CLANG_WARN_DOCUMENTATION_COMMENTS = YES;
				CLANG_WARN_EMPTY_BODY = YES;
				CLANG_WARN_ENUM_CONVERSION = YES;
				CLANG_WARN_INFINITE_RECURSION = YES;
				CLANG_WARN_INT_CONVERSION = YES;
				CLANG_WARN_NON_LITERAL_NULL_CONVERSION = YES;
				CLANG_WARN_OBJC_IMPLICIT_RETAIN_SELF = YES;
				CLANG_WARN_OBJC_LITERAL_CONVERSION = YES;
				CLANG_WARN_OBJC_ROOT_CLASS = YES_ERROR;
				CLANG_WARN_QUOTED_INCLUDE_IN_FRAMEWORK_HEADER = YES;
				CLANG_WARN_RANGE_LOOP_ANALYSIS = YES;
				CLANG_WARN_STRICT_PROTOTYPES = YES;
				CLANG_WARN_SUSPICIOUS_MOVE = YES;
				CLANG_WARN_UNGUARDED_AVAILABILITY = YES_AGGRESSIVE;
				CLANG_WARN_UNREACHABLE_CODE = YES;
				CLANG_WARN__DUPLICATE_METHOD_MATCH = YES;
				COPY_PHASE_STRIP = NO;
				DEBUG_INFORMATION_FORMAT = dwarf;
				ENABLE_STRICT_OBJC_MSGSEND = YES;
				ENABLE_TESTABILITY = YES;
				ENABLE_USER_SCRIPT_SANDBOXING = YES;
				GCC_C_LANGUAGE_STANDARD = gnu17;
				GCC_DYNAMIC_NO_PIC = NO;
				GCC_NO_COMMON_BLOCKS = YES;
				GCC_OPTIMIZATION_LEVEL = 0;
				GCC_PREPROCESSOR_DEFINITIONS = (
					"DEBUG=1",
					"$(inherited)",
				);
				GCC_WARN_64_TO_32_BIT_CONVERSION = YES;
				GCC_WARN_ABOUT_RETURN_TYPE = YES_ERROR;
				GCC_WARN_UNDECLARED_SELECTOR = YES;
				GCC_WARN_UNINITIALIZED_AUTOS = YES_AGGRESSIVE;
				GCC_WARN_UNUSED_FUNCTION = YES;
				GCC_WARN_UNUSED_VARIABLE = YES;
				IPHONEOS_DEPLOYMENT_TARGET = 17.5;
				LOCALIZATION_PREFERS_STRING_CATALOGS = YES;
				MTL_ENABLE_DEBUG_INFO = INCLUDE_SOURCE;
				MTL_FAST_MATH = YES;
				ONLY_ACTIVE_ARCH = YES;
				SDKROOT = iphoneos;
				SWIFT_ACTIVE_COMPILATION_CONDITIONS = "DEBUG $(inherited)";
				SWIFT_OPTIMIZATION_LEVEL = "-Onone";
			};
			name = Debug;
		};
		044D55FC2C2FF4B6002F7F0A /* Release */ = {
			isa = XCBuildConfiguration;
			buildSettings = {
				ALWAYS_SEARCH_USER_PATHS = NO;
				ASSETCATALOG_COMPILER_GENERATE_SWIFT_ASSET_SYMBOL_EXTENSIONS = YES;
				CLANG_ANALYZER_NONNULL = YES;
				CLANG_ANALYZER_NUMBER_OBJECT_CONVERSION = YES_AGGRESSIVE;
				CLANG_CXX_LANGUAGE_STANDARD = "gnu++20";
				CLANG_ENABLE_MODULES = YES;
				CLANG_ENABLE_OBJC_ARC = YES;
				CLANG_ENABLE_OBJC_WEAK = YES;
				CLANG_WARN_BLOCK_CAPTURE_AUTORELEASING = YES;
				CLANG_WARN_BOOL_CONVERSION = YES;
				CLANG_WARN_COMMA = YES;
				CLANG_WARN_CONSTANT_CONVERSION = YES;
				CLANG_WARN_DEPRECATED_OBJC_IMPLEMENTATIONS = YES;
				CLANG_WARN_DIRECT_OBJC_ISA_USAGE = YES_ERROR;
				CLANG_WARN_DOCUMENTATION_COMMENTS = YES;
				CLANG_WARN_EMPTY_BODY = YES;
				CLANG_WARN_ENUM_CONVERSION = YES;
				CLANG_WARN_INFINITE_RECURSION = YES;
				CLANG_WARN_INT_CONVERSION = YES;
				CLANG_WARN_NON_LITERAL_NULL_CONVERSION = YES;
				CLANG_WARN_OBJC_IMPLICIT_RETAIN_SELF = YES;
				CLANG_WARN_OBJC_LITERAL_CONVERSION = YES;
				CLANG_WARN_OBJC_ROOT_CLASS = YES_ERROR;
				CLANG_WARN_QUOTED_INCLUDE_IN_FRAMEWORK_HEADER = YES;
				CLANG_WARN_RANGE_LOOP_ANALYSIS = YES;
				CLANG_WARN_STRICT_PROTOTYPES = YES;
				CLANG_WARN_SUSPICIOUS_MOVE = YES;
				CLANG_WARN_UNGUARDED_AVAILABILITY = YES_AGGRESSIVE;
				CLANG_WARN_UNREACHABLE_CODE = YES;
				CLANG_WARN__DUPLICATE_METHOD_MATCH = YES;
				COPY_PHASE_STRIP = NO;
				DEBUG_INFORMATION_FORMAT = "dwarf-with-dsym";
				ENABLE_NS_ASSERTIONS = NO;
				ENABLE_STRICT_OBJC_MSGSEND = YES;
				ENABLE_USER_SCRIPT_SANDBOXING = YES;
				GCC_C_LANGUAGE_STANDARD = gnu17;
				GCC_NO_COMMON_BLOCKS = YES;
				GCC_WARN_64_TO_32_BIT_CONVERSION = YES;
				GCC_WARN_ABOUT_RETURN_TYPE = YES_ERROR;
				GCC_WARN_UNDECLARED_SELECTOR = YES;
				GCC_WARN_UNINITIALIZED_AUTOS = YES_AGGRESSIVE;
				GCC_WARN_UNUSED_FUNCTION = YES;
				GCC_WARN_UNUSED_VARIABLE = YES;
				IPHONEOS_DEPLOYMENT_TARGET = 17.5;
				LOCALIZATION_PREFERS_STRING_CATALOGS = YES;
				MTL_ENABLE_DEBUG_INFO = NO;
				MTL_FAST_MATH = YES;
				SDKROOT = iphoneos;
				SWIFT_COMPILATION_MODE = wholemodule;
				VALIDATE_PRODUCT = YES;
			};
			name = Release;
		};
		044D55FE2C2FF4B6002F7F0A /* Debug */ = {
			isa = XCBuildConfiguration;
			buildSettings = {
				ASSETCATALOG_COMPILER_APPICON_NAME = AppIcon;
				ASSETCATALOG_COMPILER_GLOBAL_ACCENT_COLOR_NAME = AccentColor;
				CODE_SIGN_STYLE = Automatic;
				CURRENT_PROJECT_VERSION = 1;
				DEVELOPMENT_ASSET_PATHS = "\"Touchdown/Preview Content\"";
				DEVELOPMENT_TEAM = 668BA5HCMU;
				ENABLE_PREVIEWS = YES;
				GENERATE_INFOPLIST_FILE = YES;
				INFOPLIST_FILE = Touchdown/Info.plist;
				INFOPLIST_KEY_UIApplicationSceneManifest_Generation = YES;
				INFOPLIST_KEY_UIApplicationSupportsIndirectInputEvents = YES;
				INFOPLIST_KEY_UISupportedInterfaceOrientations = UIInterfaceOrientationPortrait;
				INFOPLIST_KEY_UIUserInterfaceStyle = Light;
				LD_RUNPATH_SEARCH_PATHS = (
					"$(inherited)",
					"@executable_path/Frameworks",
				);
				MARKETING_VERSION = 1.0;
				PRODUCT_BUNDLE_IDENTIFIER = com.ussama.Touchdown;
				PRODUCT_NAME = "$(TARGET_NAME)";
				SWIFT_EMIT_LOC_STRINGS = YES;
				SWIFT_VERSION = 5.0;
				TARGETED_DEVICE_FAMILY = "1,2";
			};
			name = Debug;
		};
		044D55FF2C2FF4B6002F7F0A /* Release */ = {
			isa = XCBuildConfiguration;
			buildSettings = {
				ASSETCATALOG_COMPILER_APPICON_NAME = AppIcon;
				ASSETCATALOG_COMPILER_GLOBAL_ACCENT_COLOR_NAME = AccentColor;
				CODE_SIGN_STYLE = Automatic;
				CURRENT_PROJECT_VERSION = 1;
				DEVELOPMENT_ASSET_PATHS = "\"Touchdown/Preview Content\"";
				DEVELOPMENT_TEAM = 668BA5HCMU;
				ENABLE_PREVIEWS = YES;
				GENERATE_INFOPLIST_FILE = YES;
				INFOPLIST_FILE = Touchdown/Info.plist;
				INFOPLIST_KEY_UIApplicationSceneManifest_Generation = YES;
				INFOPLIST_KEY_UIApplicationSupportsIndirectInputEvents = YES;
				INFOPLIST_KEY_UISupportedInterfaceOrientations = UIInterfaceOrientationPortrait;
				INFOPLIST_KEY_UIUserInterfaceStyle = Light;
				LD_RUNPATH_SEARCH_PATHS = (
					"$(inherited)",
					"@executable_path/Frameworks",
				);
				MARKETING_VERSION = 1.0;
				PRODUCT_BUNDLE_IDENTIFIER = com.ussama.Touchdown;
				PRODUCT_NAME = "$(TARGET_NAME)";
				SWIFT_EMIT_LOC_STRINGS = YES;
				SWIFT_VERSION = 5.0;
				TARGETED_DEVICE_FAMILY = "1,2";
			};
			name = Release;
		};
/* End XCBuildConfiguration section */

/* Begin XCConfigurationList section */
		044D55EA2C2FF4B5002F7F0A /* Build configuration list for PBXProject "Touchdown" */ = {
			isa = XCConfigurationList;
			buildConfigurations = (
				044D55FB2C2FF4B6002F7F0A /* Debug */,
				044D55FC2C2FF4B6002F7F0A /* Release */,
			);
			defaultConfigurationIsVisible = 0;
			defaultConfigurationName = Release;
		};
		044D55FD2C2FF4B6002F7F0A /* Build configuration list for PBXNativeTarget "Touchdown" */ = {
			isa = XCConfigurationList;
			buildConfigurations = (
				044D55FE2C2FF4B6002F7F0A /* Debug */,
				044D55FF2C2FF4B6002F7F0A /* Release */,
			);
			defaultConfigurationIsVisible = 0;
			defaultConfigurationName = Release;
		};
/* End XCConfigurationList section */
	};
	rootObject = 044D55E72C2FF4B5002F7F0A /* Project object */;
}
